
Microsoft Visual Studio Solution File, Format Version 12.00
# Visual Studio Version 17
VisualStudioVersion = 17.8.34511.84
MinimumVisualStudioVersion = 10.0.40219.1
Project("{FAE04EC0-301F-11D3-BF4B-00C04F79EFBC}") = "player1", "player1\player1.csproj", "{AA5B9162-73AA-48F3-877E-A1C0FF494EED}"
EndProject
Global
	GlobalSection(SolutionConfigurationPlatforms) = preSolution
		Debug|Any CPU = Debug|Any CPU
		Release|Any CPU = Release|Any CPU
	EndGlobalSection
	GlobalSection(ProjectConfigurationPlatforms) = postSolution
		{AA5B9162-73AA-48F3-877E-A1C0FF494EED}.Debug|Any CPU.ActiveCfg = Debug|Any CPU
		{AA5B9162-73AA-48F3-877E-A1C0FF494EED}.Debug|Any CPU.Build.0 = Debug|Any CPU
		{AA5B9162-73AA-48F3-877E-A1C0FF494EED}.Release|Any CPU.ActiveCfg = Release|Any CPU
		{AA5B9162-73AA-48F3-877E-A1C0FF494EED}.Release|Any CPU.Build.0 = Release|Any CPU
	EndGlobalSection
	GlobalSection(SolutionProperties) = preSolution
		HideSolutionNode = FALSE
	EndGlobalSection
	GlobalSection(ExtensibilityGlobals) = postSolution
		SolutionGuid = {E7E71879-ED50-435B-B6A4-71E2514C2D9F}
	EndGlobalSection
EndGlobal
